
Microsoft Visual Studio Solution File, Format Version 12.00
# Visual Studio Version 17
VisualStudioVersion = 17.0.32112.339
MinimumVisualStudioVersion = 10.0.40219.1
Project("{FAE04EC0-301F-11D3-BF4B-00C04F79EFBC}") = "AdvCDay5", "AdvCDay5.csproj", "{B085B869-E691-485F-99F3-B00DA58898B9}"
EndProject
Project("{FAE04EC0-301F-11D3-BF4B-00C04F79EFBC}") = "Trainees", "..\Trainees\Trainees.csproj", "{D78AACB0-6830-45E1-9CF9-AE41267181B8}"
EndProject
Project("{FAE04EC0-301F-11D3-BF4B-00C04F79EFBC}") = "AddToList", "..\AddToList\AddToList.csproj", "{C77517A1-0D21-47A1-BBD9-0D0D0F3EC4DF}"
EndProject
Project("{FAE04EC0-301F-11D3-BF4B-00C04F79EFBC}") = "Converter", "..\Converter\Converter.csproj", "{10BB70CC-E1B1-4129-92D2-FEF644AFE0BA}"
EndProject
Global
	GlobalSection(SolutionConfigurationPlatforms) = preSolution
		Debug|Any CPU = Debug|Any CPU
		Release|Any CPU = Release|Any CPU
	EndGlobalSection
	GlobalSection(ProjectConfigurationPlatforms) = postSolution
		{B085B869-E691-485F-99F3-B00DA58898B9}.Debug|Any CPU.ActiveCfg = Debug|Any CPU
		{B085B869-E691-485F-99F3-B00DA58898B9}.Debug|Any CPU.Build.0 = Debug|Any CPU
		{B085B869-E691-485F-99F3-B00DA58898B9}.Release|Any CPU.ActiveCfg = Release|Any CPU
		{B085B869-E691-485F-99F3-B00DA58898B9}.Release|Any CPU.Build.0 = Release|Any CPU
		{D78AACB0-6830-45E1-9CF9-AE41267181B8}.Debug|Any CPU.ActiveCfg = Debug|Any CPU
		{D78AACB0-6830-45E1-9CF9-AE41267181B8}.Debug|Any CPU.Build.0 = Debug|Any CPU
		{D78AACB0-6830-45E1-9CF9-AE41267181B8}.Release|Any CPU.ActiveCfg = Release|Any CPU
		{D78AACB0-6830-45E1-9CF9-AE41267181B8}.Release|Any CPU.Build.0 = Release|Any CPU
		{C77517A1-0D21-47A1-BBD9-0D0D0F3EC4DF}.Debug|Any CPU.ActiveCfg = Debug|Any CPU
		{C77517A1-0D21-47A1-BBD9-0D0D0F3EC4DF}.Debug|Any CPU.Build.0 = Debug|Any CPU
		{C77517A1-0D21-47A1-BBD9-0D0D0F3EC4DF}.Release|Any CPU.ActiveCfg = Release|Any CPU
		{C77517A1-0D21-47A1-BBD9-0D0D0F3EC4DF}.Release|Any CPU.Build.0 = Release|Any CPU
		{10BB70CC-E1B1-4129-92D2-FEF644AFE0BA}.Debug|Any CPU.ActiveCfg = Debug|Any CPU
		{10BB70CC-E1B1-4129-92D2-FEF644AFE0BA}.Debug|Any CPU.Build.0 = Debug|Any CPU
		{10BB70CC-E1B1-4129-92D2-FEF644AFE0BA}.Release|Any CPU.ActiveCfg = Release|Any CPU
		{10BB70CC-E1B1-4129-92D2-FEF644AFE0BA}.Release|Any CPU.Build.0 = Release|Any CPU
	EndGlobalSection
	GlobalSection(SolutionProperties) = preSolution
		HideSolutionNode = FALSE
	EndGlobalSection
	GlobalSection(ExtensibilityGlobals) = postSolution
		SolutionGuid = {F65CDEA1-372D-4849-85BC-3F396FC110A6}
	EndGlobalSection
EndGlobal
